
Microsoft Visual Studio Solution File, Format Version 12.00
# Visual Studio Version 17
VisualStudioVersion = 17.13.35828.75
MinimumVisualStudioVersion = 10.0.40219.1
Project("{FAE04EC0-301F-11D3-BF4B-00C04F79EFBC}") = "client_app", "client_app\client_app\client_app.csproj", "{C2F0488E-0FBA-4948-BFB1-CD41B11C3557}"
EndProject
Project("{FAE04EC0-301F-11D3-BF4B-00C04F79EFBC}") = "client_app.Android", "client_app\client_app.Android\client_app.Android.csproj", "{8C020715-87E0-4703-8F1E-196424488312}"
EndProject
Project("{FAE04EC0-301F-11D3-BF4B-00C04F79EFBC}") = "client_app.Desktop", "client_app\client_app.Desktop\client_app.Desktop.csproj", "{1499CB92-AF0A-4ABB-8C0B-B7F651017E68}"
EndProject
Project("{FAE04EC0-301F-11D3-BF4B-00C04F79EFBC}") = "client_app.iOS", "client_app\client_app.iOS\client_app.iOS.csproj", "{D749E5CC-3525-44DA-8C43-7932F6E1E427}"
EndProject
Project("{FAE04EC0-301F-11D3-BF4B-00C04F79EFBC}") = "client_app.Browser", "client_app\client_app.Browser\client_app.Browser.csproj", "{F3BDBB51-0C8C-4934-AA81-0C072CE63359}"
EndProject
Project("{FAE04EC0-301F-11D3-BF4B-00C04F79EFBC}") = "server", "server\server.csproj", "{32C951DF-F578-4402-B9A6-AB8BDBE4B38E}"
EndProject
Global
	GlobalSection(SolutionConfigurationPlatforms) = preSolution
		Debug|Any CPU = Debug|Any CPU
		Release|Any CPU = Release|Any CPU
	EndGlobalSection
	GlobalSection(ProjectConfigurationPlatforms) = postSolution
		{C2F0488E-0FBA-4948-BFB1-CD41B11C3557}.Debug|Any CPU.ActiveCfg = Debug|Any CPU
		{C2F0488E-0FBA-4948-BFB1-CD41B11C3557}.Debug|Any CPU.Build.0 = Debug|Any CPU
		{C2F0488E-0FBA-4948-BFB1-CD41B11C3557}.Release|Any CPU.ActiveCfg = Release|Any CPU
		{C2F0488E-0FBA-4948-BFB1-CD41B11C3557}.Release|Any CPU.Build.0 = Release|Any CPU
		{8C020715-87E0-4703-8F1E-196424488312}.Debug|Any CPU.ActiveCfg = Debug|Any CPU
		{8C020715-87E0-4703-8F1E-196424488312}.Debug|Any CPU.Build.0 = Debug|Any CPU
		{8C020715-87E0-4703-8F1E-196424488312}.Debug|Any CPU.Deploy.0 = Debug|Any CPU
		{8C020715-87E0-4703-8F1E-196424488312}.Release|Any CPU.ActiveCfg = Release|Any CPU
		{8C020715-87E0-4703-8F1E-196424488312}.Release|Any CPU.Build.0 = Release|Any CPU
		{8C020715-87E0-4703-8F1E-196424488312}.Release|Any CPU.Deploy.0 = Release|Any CPU
		{1499CB92-AF0A-4ABB-8C0B-B7F651017E68}.Debug|Any CPU.ActiveCfg = Debug|Any CPU
		{1499CB92-AF0A-4ABB-8C0B-B7F651017E68}.Debug|Any CPU.Build.0 = Debug|Any CPU
		{1499CB92-AF0A-4ABB-8C0B-B7F651017E68}.Release|Any CPU.ActiveCfg = Release|Any CPU
		{1499CB92-AF0A-4ABB-8C0B-B7F651017E68}.Release|Any CPU.Build.0 = Release|Any CPU
		{D749E5CC-3525-44DA-8C43-7932F6E1E427}.Debug|Any CPU.ActiveCfg = Debug|Any CPU
		{D749E5CC-3525-44DA-8C43-7932F6E1E427}.Debug|Any CPU.Build.0 = Debug|Any CPU
		{D749E5CC-3525-44DA-8C43-7932F6E1E427}.Debug|Any CPU.Deploy.0 = Debug|Any CPU
		{D749E5CC-3525-44DA-8C43-7932F6E1E427}.Release|Any CPU.ActiveCfg = Release|Any CPU
		{D749E5CC-3525-44DA-8C43-7932F6E1E427}.Release|Any CPU.Build.0 = Release|Any CPU
		{D749E5CC-3525-44DA-8C43-7932F6E1E427}.Release|Any CPU.Deploy.0 = Release|Any CPU
		{F3BDBB51-0C8C-4934-AA81-0C072CE63359}.Debug|Any CPU.ActiveCfg = Debug|Any CPU
		{F3BDBB51-0C8C-4934-AA81-0C072CE63359}.Debug|Any CPU.Build.0 = Debug|Any CPU
		{F3BDBB51-0C8C-4934-AA81-0C072CE63359}.Release|Any CPU.ActiveCfg = Release|Any CPU
		{F3BDBB51-0C8C-4934-AA81-0C072CE63359}.Release|Any CPU.Build.0 = Release|Any CPU
		{32C951DF-F578-4402-B9A6-AB8BDBE4B38E}.Debug|Any CPU.ActiveCfg = Debug|Any CPU
		{32C951DF-F578-4402-B9A6-AB8BDBE4B38E}.Debug|Any CPU.Build.0 = Debug|Any CPU
		{32C951DF-F578-4402-B9A6-AB8BDBE4B38E}.Release|Any CPU.ActiveCfg = Release|Any CPU
		{32C951DF-F578-4402-B9A6-AB8BDBE4B38E}.Release|Any CPU.Build.0 = Release|Any CPU
	EndGlobalSection
	GlobalSection(SolutionProperties) = preSolution
		HideSolutionNode = FALSE
	EndGlobalSection
	GlobalSection(ExtensibilityGlobals) = postSolution
		SolutionGuid = {75B7F9C7-12D2-4DD3-B8AE-6EA9E51954C4}
	EndGlobalSection
EndGlobal
