
Microsoft Visual Studio Solution File, Format Version 12.00
# Visual Studio Version 17
VisualStudioVersion = 17.14.36511.14
MinimumVisualStudioVersion = 10.0.40219.1
Project("{FAE04EC0-301F-11D3-BF4B-00C04F79EFBC}") = "server.API", "server.API\server.API.csproj", "{942D9634-08D2-45C6-8D28-ACF667CEDBAE}"
EndProject
Project("{FAE04EC0-301F-11D3-BF4B-00C04F79EFBC}") = "server.Application", "server.Application\server.Application.csproj", "{6EF16D49-D85B-4196-BE98-7433D202B5B1}"
EndProject
Project("{FAE04EC0-301F-11D3-BF4B-00C04F79EFBC}") = "server.Infrastucture", "server.Infrastucture\server.Infrastucture.csproj", "{FB561A44-7C3C-5313-680A-391698F494C0}"
EndProject
Project("{FAE04EC0-301F-11D3-BF4B-00C04F79EFBC}") = "server.Domain", "server.Domain\server.Domain.csproj", "{64B93A7F-6B0D-4A75-987E-404E35E77B20}"
EndProject
Project("{FAE04EC0-301F-11D3-BF4B-00C04F79EFBC}") = "server.Persistence", "server.Persistence\server.Persistence.csproj", "{E54BD07D-C7F5-4FB6-8B05-A9588EC3BCBE}"
EndProject
Global
	GlobalSection(SolutionConfigurationPlatforms) = preSolution
		Debug|Any CPU = Debug|Any CPU
		Release|Any CPU = Release|Any CPU
	EndGlobalSection
	GlobalSection(ProjectConfigurationPlatforms) = postSolution
		{942D9634-08D2-45C6-8D28-ACF667CEDBAE}.Debug|Any CPU.ActiveCfg = Debug|Any CPU
		{942D9634-08D2-45C6-8D28-ACF667CEDBAE}.Debug|Any CPU.Build.0 = Debug|Any CPU
		{942D9634-08D2-45C6-8D28-ACF667CEDBAE}.Release|Any CPU.ActiveCfg = Release|Any CPU
		{942D9634-08D2-45C6-8D28-ACF667CEDBAE}.Release|Any CPU.Build.0 = Release|Any CPU
		{6EF16D49-D85B-4196-BE98-7433D202B5B1}.Debug|Any CPU.ActiveCfg = Debug|Any CPU
		{6EF16D49-D85B-4196-BE98-7433D202B5B1}.Debug|Any CPU.Build.0 = Debug|Any CPU
		{6EF16D49-D85B-4196-BE98-7433D202B5B1}.Release|Any CPU.ActiveCfg = Release|Any CPU
		{6EF16D49-D85B-4196-BE98-7433D202B5B1}.Release|Any CPU.Build.0 = Release|Any CPU
		{FB561A44-7C3C-5313-680A-391698F494C0}.Debug|Any CPU.ActiveCfg = Debug|Any CPU
		{FB561A44-7C3C-5313-680A-391698F494C0}.Debug|Any CPU.Build.0 = Debug|Any CPU
		{FB561A44-7C3C-5313-680A-391698F494C0}.Release|Any CPU.ActiveCfg = Release|Any CPU
		{FB561A44-7C3C-5313-680A-391698F494C0}.Release|Any CPU.Build.0 = Release|Any CPU
		{64B93A7F-6B0D-4A75-987E-404E35E77B20}.Debug|Any CPU.ActiveCfg = Debug|Any CPU
		{64B93A7F-6B0D-4A75-987E-404E35E77B20}.Debug|Any CPU.Build.0 = Debug|Any CPU
		{64B93A7F-6B0D-4A75-987E-404E35E77B20}.Release|Any CPU.ActiveCfg = Release|Any CPU
		{64B93A7F-6B0D-4A75-987E-404E35E77B20}.Release|Any CPU.Build.0 = Release|Any CPU
		{E54BD07D-C7F5-4FB6-8B05-A9588EC3BCBE}.Debug|Any CPU.ActiveCfg = Debug|Any CPU
		{E54BD07D-C7F5-4FB6-8B05-A9588EC3BCBE}.Debug|Any CPU.Build.0 = Debug|Any CPU
		{E54BD07D-C7F5-4FB6-8B05-A9588EC3BCBE}.Release|Any CPU.ActiveCfg = Release|Any CPU
		{E54BD07D-C7F5-4FB6-8B05-A9588EC3BCBE}.Release|Any CPU.Build.0 = Release|Any CPU
	EndGlobalSection
	GlobalSection(SolutionProperties) = preSolution
		HideSolutionNode = FALSE
	EndGlobalSection
	GlobalSection(ExtensibilityGlobals) = postSolution
		SolutionGuid = {52DD8EA3-3E91-4FE3-A4AA-E7AC700FDF30}
	EndGlobalSection
EndGlobal
